
Microsoft Visual Studio Solution File, Format Version 12.00
# Visual Studio Version 16
VisualStudioVersion = 16.0.32802.440
MinimumVisualStudioVersion = 10.0.40219.1
Project("{FAE04EC0-301F-11D3-BF4B-00C04F79EFBC}") = "WebapiDemo", "WebapiDemo\WebapiDemo.csproj", "{6C393CC9-1AF0-4562-9E16-D8A84AA2745E}"
EndProject
Global
	GlobalSection(SolutionConfigurationPlatforms) = preSolution
		Debug|Any CPU = Debug|Any CPU
		Release|Any CPU = Release|Any CPU
	EndGlobalSection
	GlobalSection(ProjectConfigurationPlatforms) = postSolution
		{6C393CC9-1AF0-4562-9E16-D8A84AA2745E}.Debug|Any CPU.ActiveCfg = Debug|Any CPU
		{6C393CC9-1AF0-4562-9E16-D8A84AA2745E}.Debug|Any CPU.Build.0 = Debug|Any CPU
		{6C393CC9-1AF0-4562-9E16-D8A84AA2745E}.Release|Any CPU.ActiveCfg = Release|Any CPU
		{6C393CC9-1AF0-4562-9E16-D8A84AA2745E}.Release|Any CPU.Build.0 = Release|Any CPU
	EndGlobalSection
	GlobalSection(SolutionProperties) = preSolution
		HideSolutionNode = FALSE
	EndGlobalSection
	GlobalSection(ExtensibilityGlobals) = postSolution
		SolutionGuid = {C77F821B-ED28-46C0-BF6D-E0441FB772B8}
	EndGlobalSection
EndGlobal
